
Microsoft Visual Studio Solution File, Format Version 12.00
# Visual Studio Version 16
VisualStudioVersion = 16.0.29926.136
MinimumVisualStudioVersion = 10.0.40219.1
Project("{9A19103F-16F7-4668-BE54-9A1E7A4F7556}") = "Mspr.Reseau.Auth.Api", "..\Mspr.Reseau.Auth.Api\Mspr.Reseau.Auth.Api.csproj", "{5DC7E939-76C1-4BA8-BF8A-E8D9B11F2955}"
EndProject
Project("{9A19103F-16F7-4668-BE54-9A1E7A4F7556}") = "Mspr.Reseau.Auth.Dto", "..\Mspr.Reseau.Auth.Dto\Mspr.Reseau.Auth.Dto.csproj", "{266339DB-6255-4C31-A8CC-3FD9E41FDE79}"
EndProject
Global
	GlobalSection(SolutionConfigurationPlatforms) = preSolution
		Debug|Any CPU = Debug|Any CPU
		Release|Any CPU = Release|Any CPU
	EndGlobalSection
	GlobalSection(ProjectConfigurationPlatforms) = postSolution
		{5DC7E939-76C1-4BA8-BF8A-E8D9B11F2955}.Debug|Any CPU.ActiveCfg = Debug|Any CPU
		{5DC7E939-76C1-4BA8-BF8A-E8D9B11F2955}.Debug|Any CPU.Build.0 = Debug|Any CPU
		{5DC7E939-76C1-4BA8-BF8A-E8D9B11F2955}.Release|Any CPU.ActiveCfg = Release|Any CPU
		{5DC7E939-76C1-4BA8-BF8A-E8D9B11F2955}.Release|Any CPU.Build.0 = Release|Any CPU
		{266339DB-6255-4C31-A8CC-3FD9E41FDE79}.Debug|Any CPU.ActiveCfg = Debug|Any CPU
		{266339DB-6255-4C31-A8CC-3FD9E41FDE79}.Debug|Any CPU.Build.0 = Debug|Any CPU
		{266339DB-6255-4C31-A8CC-3FD9E41FDE79}.Release|Any CPU.ActiveCfg = Release|Any CPU
		{266339DB-6255-4C31-A8CC-3FD9E41FDE79}.Release|Any CPU.Build.0 = Release|Any CPU
	EndGlobalSection
	GlobalSection(SolutionProperties) = preSolution
		HideSolutionNode = FALSE
	EndGlobalSection
	GlobalSection(ExtensibilityGlobals) = postSolution
		SolutionGuid = {FD62F3C0-41AF-421B-BB67-F1AE8E09898B}
	EndGlobalSection
EndGlobal
