
Microsoft Visual Studio Solution File, Format Version 12.00
# Visual Studio Version 16
VisualStudioVersion = 16.0.29926.136
MinimumVisualStudioVersion = 10.0.40219.1
Project("{9A19103F-16F7-4668-BE54-9A1E7A4F7556}") = "Mspr.Reseau.Auth.Api", "Mspr.Reseau.Auth.Api\Mspr.Reseau.Auth.Api.csproj", "{30BEF9C7-06CA-4A5F-A9A5-C1000D01A95F}"
EndProject
Project("{9A19103F-16F7-4668-BE54-9A1E7A4F7556}") = "Mspr.Reseau.Auth.Dto", "Mspr.Reseau.Auth.Dto\Mspr.Reseau.Auth.Dto.csproj", "{3A94EABB-7986-40C8-A2B3-AA814C6B7071}"
EndProject
Project("{FAE04EC0-301F-11D3-BF4B-00C04F79EFBC}") = "Mspr.Reseau.Auth.AdServices", "Mspr.Reseau.Auth.AdServices\Mspr.Reseau.Auth.AdServices.csproj", "{827124F7-7937-4408-9EDD-5A1CF6E6D837}"
EndProject
Global
	GlobalSection(SolutionConfigurationPlatforms) = preSolution
		Debug|Any CPU = Debug|Any CPU
		Release|Any CPU = Release|Any CPU
	EndGlobalSection
	GlobalSection(ProjectConfigurationPlatforms) = postSolution
		{30BEF9C7-06CA-4A5F-A9A5-C1000D01A95F}.Debug|Any CPU.ActiveCfg = Debug|Any CPU
		{30BEF9C7-06CA-4A5F-A9A5-C1000D01A95F}.Debug|Any CPU.Build.0 = Debug|Any CPU
		{30BEF9C7-06CA-4A5F-A9A5-C1000D01A95F}.Release|Any CPU.ActiveCfg = Release|Any CPU
		{30BEF9C7-06CA-4A5F-A9A5-C1000D01A95F}.Release|Any CPU.Build.0 = Release|Any CPU
		{3A94EABB-7986-40C8-A2B3-AA814C6B7071}.Debug|Any CPU.ActiveCfg = Debug|Any CPU
		{3A94EABB-7986-40C8-A2B3-AA814C6B7071}.Debug|Any CPU.Build.0 = Debug|Any CPU
		{3A94EABB-7986-40C8-A2B3-AA814C6B7071}.Release|Any CPU.ActiveCfg = Release|Any CPU
		{3A94EABB-7986-40C8-A2B3-AA814C6B7071}.Release|Any CPU.Build.0 = Release|Any CPU
		{827124F7-7937-4408-9EDD-5A1CF6E6D837}.Debug|Any CPU.ActiveCfg = Debug|Any CPU
		{827124F7-7937-4408-9EDD-5A1CF6E6D837}.Debug|Any CPU.Build.0 = Debug|Any CPU
		{827124F7-7937-4408-9EDD-5A1CF6E6D837}.Release|Any CPU.ActiveCfg = Release|Any CPU
		{827124F7-7937-4408-9EDD-5A1CF6E6D837}.Release|Any CPU.Build.0 = Release|Any CPU
	EndGlobalSection
	GlobalSection(SolutionProperties) = preSolution
		HideSolutionNode = FALSE
	EndGlobalSection
	GlobalSection(ExtensibilityGlobals) = postSolution
		SolutionGuid = {136C091A-6CCE-4757-ACF1-6728AC24DEFB}
	EndGlobalSection
EndGlobal
